// !$*UTF8*$!
{
	archiveVersion = 1;
	classes = {
	};
	objectVersion = 50;
	objects = {

/* Begin PBXBuildFile section */
		D073D7342679BDDB0038A492 /* AppDelegate.swift in Sources */ = {isa = PBXBuildFile; fileRef = D073D7332679BDDB0038A492 /* AppDelegate.swift */; };
		D073D7362679BDDB0038A492 /* SceneDelegate.swift in Sources */ = {isa = PBXBuildFile; fileRef = D073D7352679BDDB0038A492 /* SceneDelegate.swift */; };
		D073D73B2679BDDB0038A492 /* Main.storyboard in Resources */ = {isa = PBXBuildFile; fileRef = D073D7392679BDDB0038A492 /* Main.storyboard */; };
		D073D73E2679BDDB0038A492 /* MSMemo.xcdatamodeld in Sources */ = {isa = PBXBuildFile; fileRef = D073D73C2679BDDB0038A492 /* MSMemo.xcdatamodeld */; };
		D073D7402679BDDD0038A492 /* Assets.xcassets in Resources */ = {isa = PBXBuildFile; fileRef = D073D73F2679BDDD0038A492 /* Assets.xcassets */; };
		D073D7432679BDDD0038A492 /* LaunchScreen.storyboard in Resources */ = {isa = PBXBuildFile; fileRef = D073D7412679BDDD0038A492 /* LaunchScreen.storyboard */; };
		D073D74C2679C8040038A492 /* Model.swift in Sources */ = {isa = PBXBuildFile; fileRef = D073D74B2679C8040038A492 /* Model.swift */; };
		D073D74E2679CA350038A492 /* MemoListTableViewController.swift in Sources */ = {isa = PBXBuildFile; fileRef = D073D74D2679CA350038A492 /* MemoListTableViewController.swift */; };
		D073D7502679D1A80038A492 /* ComposeViewController.swift in Sources */ = {isa = PBXBuildFile; fileRef = D073D74F2679D1A80038A492 /* ComposeViewController.swift */; };
		D073D7522679D3F80038A492 /* UIViewController+Alert.swift in Sources */ = {isa = PBXBuildFile; fileRef = D073D7512679D3F80038A492 /* UIViewController+Alert.swift */; };
		D073D7542679DC0F0038A492 /* DetailViewController.swift in Sources */ = {isa = PBXBuildFile; fileRef = D073D7532679DC0F0038A492 /* DetailViewController.swift */; };
		D073D7572679EE040038A492 /* DataManager.swift in Sources */ = {isa = PBXBuildFile; fileRef = D073D7562679EE040038A492 /* DataManager.swift */; };
/* End PBXBuildFile section */

/* Begin PBXFileReference section */
		D073D7302679BDDB0038A492 /* MSMemo.app */ = {isa = PBXFileReference; explicitFileType = wrapper.application; includeInIndex = 0; path = MSMemo.app; sourceTree = BUILT_PRODUCTS_DIR; };
		D073D7332679BDDB0038A492 /* AppDelegate.swift */ = {isa = PBXFileReference; lastKnownFileType = sourcecode.swift; path = AppDelegate.swift; sourceTree = "<group>"; };
		D073D7352679BDDB0038A492 /* SceneDelegate.swift */ = {isa = PBXFileReference; lastKnownFileType = sourcecode.swift; path = SceneDelegate.swift; sourceTree = "<group>"; };
		D073D73A2679BDDB0038A492 /* Base */ = {isa = PBXFileReference; lastKnownFileType = file.storyboard; name = Base; path = Base.lproj/Main.storyboard; sourceTree = "<group>"; };
		D073D73D2679BDDB0038A492 /* MSMemo.xcdatamodel */ = {isa = PBXFileReference; lastKnownFileType = wrapper.xcdatamodel; path = MSMemo.xcdatamodel; sourceTree = "<group>"; };
		D073D73F2679BDDD0038A492 /* Assets.xcassets */ = {isa = PBXFileReference; lastKnownFileType = folder.assetcatalog; path = Assets.xcassets; sourceTree = "<group>"; };
		D073D7422679BDDD0038A492 /* Base */ = {isa = PBXFileReference; lastKnownFileType = file.storyboard; name = Base; path = Base.lproj/LaunchScreen.storyboard; sourceTree = "<group>"; };
		D073D7442679BDDD0038A492 /* Info.plist */ = {isa = PBXFileReference; lastKnownFileType = text.plist.xml; path = Info.plist; sourceTree = "<group>"; };
		D073D74B2679C8040038A492 /* Model.swift */ = {isa = PBXFileReference; lastKnownFileType = sourcecode.swift; path = Model.swift; sourceTree = "<group>"; };
		D073D74D2679CA350038A492 /* MemoListTableViewController.swift */ = {isa = PBXFileReference; lastKnownFileType = sourcecode.swift; path = MemoListTableViewController.swift; sourceTree = "<group>"; };
		D073D74F2679D1A80038A492 /* ComposeViewController.swift */ = {isa = PBXFileReference; lastKnownFileType = sourcecode.swift; path = ComposeViewController.swift; sourceTree = "<group>"; };
		D073D7512679D3F80038A492 /* UIViewController+Alert.swift */ = {isa = PBXFileReference; lastKnownFileType = sourcecode.swift; path = "UIViewController+Alert.swift"; sourceTree = "<group>"; };
		D073D7532679DC0F0038A492 /* DetailViewController.swift */ = {isa = PBXFileReference; lastKnownFileType = sourcecode.swift; path = DetailViewController.swift; sourceTree = "<group>"; };
		D073D7562679EE040038A492 /* DataManager.swift */ = {isa = PBXFileReference; lastKnownFileType = sourcecode.swift; path = DataManager.swift; sourceTree = "<group>"; };
/* End PBXFileReference section */

/* Begin PBXFrameworksBuildPhase section */
		D073D72D2679BDDB0038A492 /* Frameworks */ = {
			isa = PBXFrameworksBuildPhase;
			buildActionMask = 2147483647;
			files = (
			);
			runOnlyForDeploymentPostprocessing = 0;
		};
/* End PBXFrameworksBuildPhase section */

/* Begin PBXGroup section */
		D073D7272679BDDB0038A492 = {
			isa = PBXGroup;
			children = (
				D073D7322679BDDB0038A492 /* MSMemo */,
				D073D7312679BDDB0038A492 /* Products */,
			);
			sourceTree = "<group>";
		};
		D073D7312679BDDB0038A492 /* Products */ = {
			isa = PBXGroup;
			children = (
				D073D7302679BDDB0038A492 /* MSMemo.app */,
			);
			name = Products;
			sourceTree = "<group>";
		};
		D073D7322679BDDB0038A492 /* MSMemo */ = {
			isa = PBXGroup;
			children = (
				D073D7552679EDEF0038A492 /* Data */,
				D073D74A2679C7D30038A492 /* Model */,
				D073D7332679BDDB0038A492 /* AppDelegate.swift */,
				D073D7352679BDDB0038A492 /* SceneDelegate.swift */,
				D073D7392679BDDB0038A492 /* Main.storyboard */,
				D073D73F2679BDDD0038A492 /* Assets.xcassets */,
				D073D7412679BDDD0038A492 /* LaunchScreen.storyboard */,
				D073D7442679BDDD0038A492 /* Info.plist */,
				D073D73C2679BDDB0038A492 /* MSMemo.xcdatamodeld */,
				D073D74D2679CA350038A492 /* MemoListTableViewController.swift */,
				D073D74F2679D1A80038A492 /* ComposeViewController.swift */,
				D073D7512679D3F80038A492 /* UIViewController+Alert.swift */,
				D073D7532679DC0F0038A492 /* DetailViewController.swift */,
			);
			path = MSMemo;
			sourceTree = "<group>";
		};
		D073D74A2679C7D30038A492 /* Model */ = {
			isa = PBXGroup;
			children = (
				D073D74B2679C8040038A492 /* Model.swift */,
			);
			path = Model;
			sourceTree = "<group>";
		};
		D073D7552679EDEF0038A492 /* Data */ = {
			isa = PBXGroup;
			children = (
				D073D7562679EE040038A492 /* DataManager.swift */,
			);
			path = Data;
			sourceTree = "<group>";
		};
/* End PBXGroup section */

/* Begin PBXNativeTarget section */
		D073D72F2679BDDB0038A492 /* MSMemo */ = {
			isa = PBXNativeTarget;
			buildConfigurationList = D073D7472679BDDD0038A492 /* Build configuration list for PBXNativeTarget "MSMemo" */;
			buildPhases = (
				D073D72C2679BDDB0038A492 /* Sources */,
				D073D72D2679BDDB0038A492 /* Frameworks */,
				D073D72E2679BDDB0038A492 /* Resources */,
			);
			buildRules = (
			);
			dependencies = (
			);
			name = MSMemo;
			productName = MSMemo;
			productReference = D073D7302679BDDB0038A492 /* MSMemo.app */;
			productType = "com.apple.product-type.application";
		};
/* End PBXNativeTarget section */

/* Begin PBXProject section */
		D073D7282679BDDB0038A492 /* Project object */ = {
			isa = PBXProject;
			attributes = {
				LastSwiftUpdateCheck = 1120;
				LastUpgradeCheck = 1120;
				ORGANIZATIONNAME = "장민석";
				TargetAttributes = {
					D073D72F2679BDDB0038A492 = {
						CreatedOnToolsVersion = 11.2.1;
					};
				};
			};
			buildConfigurationList = D073D72B2679BDDB0038A492 /* Build configuration list for PBXProject "MSMemo" */;
			compatibilityVersion = "Xcode 9.3";
			developmentRegion = en;
			hasScannedForEncodings = 0;
			knownRegions = (
				en,
				Base,
			);
			mainGroup = D073D7272679BDDB0038A492;
			productRefGroup = D073D7312679BDDB0038A492 /* Products */;
			projectDirPath = "";
			projectRoot = "";
			targets = (
				D073D72F2679BDDB0038A492 /* MSMemo */,
			);
		};
/* End PBXProject section */

/* Begin PBXResourcesBuildPhase section */
		D073D72E2679BDDB0038A492 /* Resources */ = {
			isa = PBXResourcesBuildPhase;
			buildActionMask = 2147483647;
			files = (
				D073D7432679BDDD0038A492 /* LaunchScreen.storyboard in Resources */,
				D073D7402679BDDD0038A492 /* Assets.xcassets in Resources */,
				D073D73B2679BDDB0038A492 /* Main.storyboard in Resources */,
			);
			runOnlyForDeploymentPostprocessing = 0;
		};
/* End PBXResourcesBuildPhase section */

/* Begin PBXSourcesBuildPhase section */
		D073D72C2679BDDB0038A492 /* Sources */ = {
			isa = PBXSourcesBuildPhase;
			buildActionMask = 2147483647;
			files = (
				D073D73E2679BDDB0038A492 /* MSMemo.xcdatamodeld in Sources */,
				D073D7342679BDDB0038A492 /* AppDelegate.swift in Sources */,
				D073D74E2679CA350038A492 /* MemoListTableViewController.swift in Sources */,
				D073D7502679D1A80038A492 /* ComposeViewController.swift in Sources */,
				D073D7362679BDDB0038A492 /* SceneDelegate.swift in Sources */,
				D073D74C2679C8040038A492 /* Model.swift in Sources */,
				D073D7522679D3F80038A492 /* UIViewController+Alert.swift in Sources */,
				D073D7572679EE040038A492 /* DataManager.swift in Sources */,
				D073D7542679DC0F0038A492 /* DetailViewController.swift in Sources */,
			);
			runOnlyForDeploymentPostprocessing = 0;
		};
/* End PBXSourcesBuildPhase section */

/* Begin PBXVariantGroup section */
		D073D7392679BDDB0038A492 /* Main.storyboard */ = {
			isa = PBXVariantGroup;
			children = (
				D073D73A2679BDDB0038A492 /* Base */,
			);
			name = Main.storyboard;
			sourceTree = "<group>";
		};
		D073D7412679BDDD0038A492 /* LaunchScreen.storyboard */ = {
			isa = PBXVariantGroup;
			children = (
				D073D7422679BDDD0038A492 /* Base */,
			);
			name = LaunchScreen.storyboard;
			sourceTree = "<group>";
		};
/* End PBXVariantGroup section */

/* Begin XCBuildConfiguration section */
		D073D7452679BDDD0038A492 /* Debug */ = {
			isa = XCBuildConfiguration;
			buildSettings = {
				ALWAYS_SEARCH_USER_PATHS = NO;
				CLANG_ANALYZER_NONNULL = YES;
				CLANG_ANALYZER_NUMBER_OBJECT_CONVERSION = YES_AGGRESSIVE;
				CLANG_CXX_LANGUAGE_STANDARD = "gnu++14";
				CLANG_CXX_LIBRARY = "libc++";
				CLANG_ENABLE_MODULES = YES;
				CLANG_ENABLE_OBJC_ARC = YES;
				CLANG_ENABLE_OBJC_WEAK = YES;
				CLANG_WARN_BLOCK_CAPTURE_AUTORELEASING = YES;
				CLANG_WARN_BOOL_CONVERSION = YES;
				CLANG_WARN_COMMA = YES;
				CLANG_WARN_CONSTANT_CONVERSION = YES;
				CLANG_WARN_DEPRECATED_OBJC_IMPLEMENTATIONS = YES;
				CLANG_WARN_DIRECT_OBJC_ISA_USAGE = YES_ERROR;
				CLANG_WARN_DOCUMENTATION_COMMENTS = YES;
				CLANG_WARN_EMPTY_BODY = YES;
				CLANG_WARN_ENUM_CONVERSION = YES;
				CLANG_WARN_INFINITE_RECURSION = YES;
				CLANG_WARN_INT_CONVERSION = YES;
				CLANG_WARN_NON_LITERAL_NULL_CONVERSION = YES;
				CLANG_WARN_OBJC_IMPLICIT_RETAIN_SELF = YES;
				CLANG_WARN_OBJC_LITERAL_CONVERSION = YES;
				CLANG_WARN_OBJC_ROOT_CLASS = YES_ERROR;
				CLANG_WARN_RANGE_LOOP_ANALYSIS = YES;
				CLANG_WARN_STRICT_PROTOTYPES = YES;
				CLANG_WARN_SUSPICIOUS_MOVE = YES;
				CLANG_WARN_UNGUARDED_AVAILABILITY = YES_AGGRESSIVE;
				CLANG_WARN_UNREACHABLE_CODE = YES;
				CLANG_WARN__DUPLICATE_METHOD_MATCH = YES;
				COPY_PHASE_STRIP = NO;
				DEBUG_INFORMATION_FORMAT = dwarf;
				ENABLE_STRICT_OBJC_MSGSEND = YES;
				ENABLE_TESTABILITY = YES;
				GCC_C_LANGUAGE_STANDARD = gnu11;
				GCC_DYNAMIC_NO_PIC = NO;
				GCC_NO_COMMON_BLOCKS = YES;
				GCC_OPTIMIZATION_LEVEL = 0;
				GCC_PREPROCESSOR_DEFINITIONS = (
					"DEBUG=1",
					"$(inherited)",
				);
				GCC_WARN_64_TO_32_BIT_CONVERSION = YES;
				GCC_WARN_ABOUT_RETURN_TYPE = YES_ERROR;
				GCC_WARN_UNDECLARED_SELECTOR = YES;
				GCC_WARN_UNINITIALIZED_AUTOS = YES_AGGRESSIVE;
				GCC_WARN_UNUSED_FUNCTION = YES;
				GCC_WARN_UNUSED_VARIABLE = YES;
				IPHONEOS_DEPLOYMENT_TARGET = 13.2;
				MTL_ENABLE_DEBUG_INFO = INCLUDE_SOURCE;
				MTL_FAST_MATH = YES;
				ONLY_ACTIVE_ARCH = YES;
				SDKROOT = iphoneos;
				SWIFT_ACTIVE_COMPILATION_CONDITIONS = DEBUG;
				SWIFT_OPTIMIZATION_LEVEL = "-Onone";
			};
			name = Debug;
		};
		D073D7462679BDDD0038A492 /* Release */ = {
			isa = XCBuildConfiguration;
			buildSettings = {
				ALWAYS_SEARCH_USER_PATHS = NO;
				CLANG_ANALYZER_NONNULL = YES;
				CLANG_ANALYZER_NUMBER_OBJECT_CONVERSION = YES_AGGRESSIVE;
				CLANG_CXX_LANGUAGE_STANDARD = "gnu++14";
				CLANG_CXX_LIBRARY = "libc++";
				CLANG_ENABLE_MODULES = YES;
				CLANG_ENABLE_OBJC_ARC = YES;
				CLANG_ENABLE_OBJC_WEAK = YES;
				CLANG_WARN_BLOCK_CAPTURE_AUTORELEASING = YES;
				CLANG_WARN_BOOL_CONVERSION = YES;
				CLANG_WARN_COMMA = YES;
				CLANG_WARN_CONSTANT_CONVERSION = YES;
				CLANG_WARN_DEPRECATED_OBJC_IMPLEMENTATIONS = YES;
				CLANG_WARN_DIRECT_OBJC_ISA_USAGE = YES_ERROR;
				CLANG_WARN_DOCUMENTATION_COMMENTS = YES;
				CLANG_WARN_EMPTY_BODY = YES;
				CLANG_WARN_ENUM_CONVERSION = YES;
				CLANG_WARN_INFINITE_RECURSION = YES;
				CLANG_WARN_INT_CONVERSION = YES;
				CLANG_WARN_NON_LITERAL_NULL_CONVERSION = YES;
				CLANG_WARN_OBJC_IMPLICIT_RETAIN_SELF = YES;
				CLANG_WARN_OBJC_LITERAL_CONVERSION = YES;
				CLANG_WARN_OBJC_ROOT_CLASS = YES_ERROR;
				CLANG_WARN_RANGE_LOOP_ANALYSIS = YES;
				CLANG_WARN_STRICT_PROTOTYPES = YES;
				CLANG_WARN_SUSPICIOUS_MOVE = YES;
				CLANG_WARN_UNGUARDED_AVAILABILITY = YES_AGGRESSIVE;
				CLANG_WARN_UNREACHABLE_CODE = YES;
				CLANG_WARN__DUPLICATE_METHOD_MATCH = YES;
				COPY_PHASE_STRIP = NO;
				DEBUG_INFORMATION_FORMAT = "dwarf-with-dsym";
				ENABLE_NS_ASSERTIONS = NO;
				ENABLE_STRICT_OBJC_MSGSEND = YES;
				GCC_C_LANGUAGE_STANDARD = gnu11;
				GCC_NO_COMMON_BLOCKS = YES;
				GCC_WARN_64_TO_32_BIT_CONVERSION = YES;
				GCC_WARN_ABOUT_RETURN_TYPE = YES_ERROR;
				GCC_WARN_UNDECLARED_SELECTOR = YES;
				GCC_WARN_UNINITIALIZED_AUTOS = YES_AGGRESSIVE;
				GCC_WARN_UNUSED_FUNCTION = YES;
				GCC_WARN_UNUSED_VARIABLE = YES;
				IPHONEOS_DEPLOYMENT_TARGET = 13.2;
				MTL_ENABLE_DEBUG_INFO = NO;
				MTL_FAST_MATH = YES;
				SDKROOT = iphoneos;
				SWIFT_COMPILATION_MODE = wholemodule;
				SWIFT_OPTIMIZATION_LEVEL = "-O";
				VALIDATE_PRODUCT = YES;
			};
			name = Release;
		};
		D073D7482679BDDD0038A492 /* Debug */ = {
			isa = XCBuildConfiguration;
			buildSettings = {
				ASSETCATALOG_COMPILER_APPICON_NAME = AppIcon;
				CODE_SIGN_STYLE = Automatic;
				DEVELOPMENT_TEAM = Y6V4RF5LX4;
				INFOPLIST_FILE = MSMemo/Info.plist;
				IPHONEOS_DEPLOYMENT_TARGET = 10.0;
				LD_RUNPATH_SEARCH_PATHS = (
					"$(inherited)",
					"@executable_path/Frameworks",
				);
				PRODUCT_BUNDLE_IDENTIFIER = "---------.MSMemo";
				PRODUCT_NAME = "$(TARGET_NAME)";
				SWIFT_VERSION = 5.0;
				TARGETED_DEVICE_FAMILY = "1,2";
			};
			name = Debug;
		};
		D073D7492679BDDD0038A492 /* Release */ = {
			isa = XCBuildConfiguration;
			buildSettings = {
				ASSETCATALOG_COMPILER_APPICON_NAME = AppIcon;
				CODE_SIGN_STYLE = Automatic;
				DEVELOPMENT_TEAM = Y6V4RF5LX4;
				INFOPLIST_FILE = MSMemo/Info.plist;
				IPHONEOS_DEPLOYMENT_TARGET = 10.0;
				LD_RUNPATH_SEARCH_PATHS = (
					"$(inherited)",
					"@executable_path/Frameworks",
				);
				PRODUCT_BUNDLE_IDENTIFIER = "---------.MSMemo";
				PRODUCT_NAME = "$(TARGET_NAME)";
				SWIFT_VERSION = 5.0;
				TARGETED_DEVICE_FAMILY = "1,2";
			};
			name = Release;
		};
/* End XCBuildConfiguration section */

/* Begin XCConfigurationList section */
		D073D72B2679BDDB0038A492 /* Build configuration list for PBXProject "MSMemo" */ = {
			isa = XCConfigurationList;
			buildConfigurations = (
				D073D7452679BDDD0038A492 /* Debug */,
				D073D7462679BDDD0038A492 /* Release */,
			);
			defaultConfigurationIsVisible = 0;
			defaultConfigurationName = Release;
		};
		D073D7472679BDDD0038A492 /* Build configuration list for PBXNativeTarget "MSMemo" */ = {
			isa = XCConfigurationList;
			buildConfigurations = (
				D073D7482679BDDD0038A492 /* Debug */,
				D073D7492679BDDD0038A492 /* Release */,
			);
			defaultConfigurationIsVisible = 0;
			defaultConfigurationName = Release;
		};
/* End XCConfigurationList section */

/* Begin XCVersionGroup section */
		D073D73C2679BDDB0038A492 /* MSMemo.xcdatamodeld */ = {
			isa = XCVersionGroup;
			children = (
				D073D73D2679BDDB0038A492 /* MSMemo.xcdatamodel */,
			);
			currentVersion = D073D73D2679BDDB0038A492 /* MSMemo.xcdatamodel */;
			path = MSMemo.xcdatamodeld;
			sourceTree = "<group>";
			versionGroupType = wrapper.xcdatamodel;
		};
/* End XCVersionGroup section */
	};
	rootObject = D073D7282679BDDB0038A492 /* Project object */;
}
